
Microsoft Visual Studio Solution File, Format Version 12.00
# Visual Studio Version 17
VisualStudioVersion = 17.2.32519.379
MinimumVisualStudioVersion = 10.0.40219.1
Project("{FAE04EC0-301F-11D3-BF4B-00C04F79EFBC}") = "WindowsFormsApp for Larning", "WindowsFormsApp for Larning\WindowsFormsApp for Larning.csproj", "{4F46C666-D49C-49BE-8F4D-CA1DE87A1E6F}"
EndProject
Global
	GlobalSection(SolutionConfigurationPlatforms) = preSolution
		Debug|Any CPU = Debug|Any CPU
		Release|Any CPU = Release|Any CPU
	EndGlobalSection
	GlobalSection(ProjectConfigurationPlatforms) = postSolution
		{4F46C666-D49C-49BE-8F4D-CA1DE87A1E6F}.Debug|Any CPU.ActiveCfg = Debug|Any CPU
		{4F46C666-D49C-49BE-8F4D-CA1DE87A1E6F}.Debug|Any CPU.Build.0 = Debug|Any CPU
		{4F46C666-D49C-49BE-8F4D-CA1DE87A1E6F}.Release|Any CPU.ActiveCfg = Release|Any CPU
		{4F46C666-D49C-49BE-8F4D-CA1DE87A1E6F}.Release|Any CPU.Build.0 = Release|Any CPU
	EndGlobalSection
	GlobalSection(SolutionProperties) = preSolution
		HideSolutionNode = FALSE
	EndGlobalSection
	GlobalSection(ExtensibilityGlobals) = postSolution
		SolutionGuid = {BBBD6C8C-809F-410E-9B1B-6BCFF1C42ADB}
	EndGlobalSection
EndGlobal
